
Microsoft Visual Studio Solution File, Format Version 12.00
# Visual Studio Version 16
VisualStudioVersion = 16.0.30114.105
MinimumVisualStudioVersion = 10.0.40219.1
Project("{2150E333-8FDC-42A3-9474-1A3956D46DE8}") = "src", "src", "{585DBC0F-C869-4F54-8735-9F7D6E5CA2CC}"
EndProject
Project("{FAE04EC0-301F-11D3-BF4B-00C04F79EFBC}") = "Blog.Framework", "src\Blog.Framework\Blog.Framework.csproj", "{F8DB093D-A024-4773-9333-AE5E895B1A50}"
EndProject
Global
	GlobalSection(SolutionConfigurationPlatforms) = preSolution
		Debug|Any CPU = Debug|Any CPU
		Release|Any CPU = Release|Any CPU
	EndGlobalSection
	GlobalSection(SolutionProperties) = preSolution
		HideSolutionNode = FALSE
	EndGlobalSection
	GlobalSection(ProjectConfigurationPlatforms) = postSolution
		{F8DB093D-A024-4773-9333-AE5E895B1A50}.Debug|Any CPU.ActiveCfg = Debug|Any CPU
		{F8DB093D-A024-4773-9333-AE5E895B1A50}.Debug|Any CPU.Build.0 = Debug|Any CPU
		{F8DB093D-A024-4773-9333-AE5E895B1A50}.Release|Any CPU.ActiveCfg = Release|Any CPU
		{F8DB093D-A024-4773-9333-AE5E895B1A50}.Release|Any CPU.Build.0 = Release|Any CPU
	EndGlobalSection
	GlobalSection(NestedProjects) = preSolution
		{F8DB093D-A024-4773-9333-AE5E895B1A50} = {585DBC0F-C869-4F54-8735-9F7D6E5CA2CC}
	EndGlobalSection
EndGlobal
